{
  "name": "server",
  "version": "1.0.0",
  "lockfileVersion": 1,
  "requires": true,
  "dependencies": {
    "@tars/dyeing": {
      "version": "2.0.1",
      "resolved": "https://registry.npm.taobao.org/@tars/dyeing/download/@tars/dyeing-2.0.1.tgz",
      "integrity": "sha1-jdKn2M29AOKZbejmXE4HpvWzUec="
    },
    "@tars/monitor": {
      "version": "2.1.1",
      "resolved": "https://registry.npm.taobao.org/@tars/monitor/download/@tars/monitor-2.1.1.tgz",
      "integrity": "sha1-eJdzSZhV4W7026ORSzs8S9WtEwM=",
      "requires": {
        "@tars/rpc": "^2.0.0",
        "@tars/stream": "^2.0.3",
        "@tars/utils": "^2.0.1"
      },
      "dependencies": {
        "@tars/stream": {
          "version": "2.0.3",
          "resolved": "https://registry.npm.taobao.org/@tars/stream/download/@tars/stream-2.0.3.tgz",
          "integrity": "sha1-Tgndif39RgAmt69Le8fNjDAsd9k=",
          "requires": {
            "big.js": "^3.1.3"
          }
        },
        "@tars/utils": {
          "version": "2.0.1",
          "resolved": "https://registry.npm.taobao.org/@tars/utils/download/@tars/utils-2.0.1.tgz",
          "integrity": "sha1-5ViCeN94yfL6AB3x90CYrLDbk/I=",
          "requires": {
            "bluebird": "^3.4.6"
          }
        }
      }
    },
    "@tars/registry": {
      "version": "2.0.3",
      "resolved": "https://registry.npm.taobao.org/@tars/registry/download/@tars/registry-2.0.3.tgz",
      "integrity": "sha1-1ugIi0ygw6zKvA0QS8LcXN41t+4=",
      "requires": {
        "@tars/rpc": "^2.0.13",
        "@tars/stream": "^2.0.3"
      },
      "dependencies": {
        "@tars/stream": {
          "version": "2.0.3",
          "resolved": "https://registry.npm.taobao.org/@tars/stream/download/@tars/stream-2.0.3.tgz",
          "integrity": "sha1-Tgndif39RgAmt69Le8fNjDAsd9k=",
          "requires": {
            "big.js": "^3.1.3"
          }
        }
      }
    },
    "@tars/rpc": {
      "version": "2.0.13",
      "resolved": "https://registry.npm.taobao.org/@tars/rpc/download/@tars/rpc-2.0.13.tgz",
      "integrity": "sha1-WA95gUBDG7VEUu3+B1eSx7RPlho=",
      "requires": {
        "@tars/dyeing": "^2.0.0",
        "@tars/monitor": "^2.0.0",
        "@tars/registry": "^2.0.0",
        "@tars/stream": "^2.0.1",
        "@tars/utils": "^2.0.0",
        "hashring": "^3.2.0"
      }
    },
    "@tars/stream": {
      "version": "2.0.3",
      "resolved": "https://registry.npm.taobao.org/@tars/stream/download/@tars/stream-2.0.3.tgz",
      "integrity": "sha1-Tgndif39RgAmt69Le8fNjDAsd9k=",
      "requires": {
        "big.js": "^3.1.3"
      }
    },
    "@tars/utils": {
      "version": "2.0.1",
      "resolved": "https://registry.npm.taobao.org/@tars/utils/download/@tars/utils-2.0.1.tgz",
      "integrity": "sha1-5ViCeN94yfL6AB3x90CYrLDbk/I=",
      "requires": {
        "bluebird": "^3.4.6"
      }
    },
    "big.js": {
      "version": "3.2.0",
      "resolved": "https://registry.npm.taobao.org/big.js/download/big.js-3.2.0.tgz",
      "integrity": "sha1-pfwpi4G54Nyi5FiCR4S2XFK6WI4="
    },
    "bluebird": {
      "version": "3.7.2",
      "resolved": "https://registry.npm.taobao.org/bluebird/download/bluebird-3.7.2.tgz",
      "integrity": "sha1-nyKcFb4nJFT/qXOs4NvueaGww28="
    },
    "connection-parse": {
      "version": "0.0.7",
      "resolved": "https://registry.npm.taobao.org/connection-parse/download/connection-parse-0.0.7.tgz",
      "integrity": "sha1-GOcxiqsGppkmc3KxDFIm0locmmk="
    },
    "hashring": {
      "version": "3.2.0",
      "resolved": "https://registry.npm.taobao.org/hashring/download/hashring-3.2.0.tgz",
      "integrity": "sha1-/aTv3oqiLNuX+x0qZeiEAeHBRM4=",
      "requires": {
        "connection-parse": "0.0.x",
        "simple-lru-cache": "0.0.x"
      }
    },
    "simple-lru-cache": {
      "version": "0.0.2",
      "resolved": "https://registry.npm.taobao.org/simple-lru-cache/download/simple-lru-cache-0.0.2.tgz",
      "integrity": "sha1-1ZzDoZPBpdAyD4Tucy9uRxPlEd0="
    }
  }
}
